
Microsoft Visual Studio Solution File, Format Version 12.00
# Visual Studio Version 17
VisualStudioVersion = 17.5.33627.172
MinimumVisualStudioVersion = 10.0.40219.1
Project("{FAE04EC0-301F-11D3-BF4B-00C04F79EFBC}") = "ReceteX.Web", "ReceteX.Web\ReceteX.Web.csproj", "{DF331BB2-98EA-4C25-83CA-31636A9D7577}"
EndProject
Global
	GlobalSection(SolutionConfigurationPlatforms) = preSolution
		Debug|Any CPU = Debug|Any CPU
		Release|Any CPU = Release|Any CPU
	EndGlobalSection
	GlobalSection(ProjectConfigurationPlatforms) = postSolution
		{DF331BB2-98EA-4C25-83CA-31636A9D7577}.Debug|Any CPU.ActiveCfg = Debug|Any CPU
		{DF331BB2-98EA-4C25-83CA-31636A9D7577}.Debug|Any CPU.Build.0 = Debug|Any CPU
		{DF331BB2-98EA-4C25-83CA-31636A9D7577}.Release|Any CPU.ActiveCfg = Release|Any CPU
		{DF331BB2-98EA-4C25-83CA-31636A9D7577}.Release|Any CPU.Build.0 = Release|Any CPU
	EndGlobalSection
	GlobalSection(SolutionProperties) = preSolution
		HideSolutionNode = FALSE
	EndGlobalSection
	GlobalSection(ExtensibilityGlobals) = postSolution
		SolutionGuid = {383D13C3-AA98-44EB-ACFA-50D72E6DEE4A}
	EndGlobalSection
EndGlobal
